
Microsoft Visual Studio Solution File, Format Version 12.00
# Visual Studio 15
VisualStudioVersion = 15.0.26430.14
MinimumVisualStudioVersion = 10.0.40219.1
Project("{FAE04EC0-301F-11D3-BF4B-00C04F79EFBC}") = "SClub.ShopSystem.Web", "SClub.ShopSystem.Web\SClub.ShopSystem.Web.csproj", "{8C0834E1-E92A-4EAB-B0CC-B35E8FC17BF6}"
EndProject
Project("{FAE04EC0-301F-11D3-BF4B-00C04F79EFBC}") = "Service", "Service\Service.csproj", "{E9ED1A2F-04F0-4942-B49E-0EF6BE67F385}"
EndProject
Project("{E53339B2-1760-4266-BCC7-CA923CBCF16C}") = "docker-compose", "docker-compose.dcproj", "{A2AA14B6-C178-4BF4-9B17-8A422E70AF06}"
EndProject
Global
	GlobalSection(SolutionConfigurationPlatforms) = preSolution
		Debug|Any CPU = Debug|Any CPU
		Release|Any CPU = Release|Any CPU
	EndGlobalSection
	GlobalSection(ProjectConfigurationPlatforms) = postSolution
		{8C0834E1-E92A-4EAB-B0CC-B35E8FC17BF6}.Debug|Any CPU.ActiveCfg = Debug|Any CPU
		{8C0834E1-E92A-4EAB-B0CC-B35E8FC17BF6}.Debug|Any CPU.Build.0 = Debug|Any CPU
		{8C0834E1-E92A-4EAB-B0CC-B35E8FC17BF6}.Release|Any CPU.ActiveCfg = Release|Any CPU
		{8C0834E1-E92A-4EAB-B0CC-B35E8FC17BF6}.Release|Any CPU.Build.0 = Release|Any CPU
		{E9ED1A2F-04F0-4942-B49E-0EF6BE67F385}.Debug|Any CPU.ActiveCfg = Debug|Any CPU
		{E9ED1A2F-04F0-4942-B49E-0EF6BE67F385}.Debug|Any CPU.Build.0 = Debug|Any CPU
		{E9ED1A2F-04F0-4942-B49E-0EF6BE67F385}.Release|Any CPU.ActiveCfg = Release|Any CPU
		{E9ED1A2F-04F0-4942-B49E-0EF6BE67F385}.Release|Any CPU.Build.0 = Release|Any CPU
		{A2AA14B6-C178-4BF4-9B17-8A422E70AF06}.Debug|Any CPU.ActiveCfg = Debug|Any CPU
		{A2AA14B6-C178-4BF4-9B17-8A422E70AF06}.Debug|Any CPU.Build.0 = Debug|Any CPU
		{A2AA14B6-C178-4BF4-9B17-8A422E70AF06}.Release|Any CPU.ActiveCfg = Release|Any CPU
		{A2AA14B6-C178-4BF4-9B17-8A422E70AF06}.Release|Any CPU.Build.0 = Release|Any CPU
	EndGlobalSection
	GlobalSection(SolutionProperties) = preSolution
		HideSolutionNode = FALSE
	EndGlobalSection
EndGlobal
